
Microsoft Visual Studio Solution File, Format Version 12.00
# Visual Studio Version 17
VisualStudioVersion = 17.4.33213.308
MinimumVisualStudioVersion = 10.0.40219.1
Project("{9A19103F-16F7-4668-BE54-9A1E7A4F7556}") = "TransferData", "TransferData\TransferData.csproj", "{07133768-ACB4-4FC2-9711-BDD489D2F589}"
EndProject
Project("{9A19103F-16F7-4668-BE54-9A1E7A4F7556}") = "Entities", "Entities\Entities.csproj", "{480463C0-AC1C-4CF9-A8F2-E9070E37E721}"
EndProject
Project("{9A19103F-16F7-4668-BE54-9A1E7A4F7556}") = "DataAccess", "DataAccess\DataAccess.csproj", "{189A9E9C-180A-4E08-9818-21CCD2553F57}"
EndProject
Project("{9A19103F-16F7-4668-BE54-9A1E7A4F7556}") = "Business", "Business\Business.csproj", "{C35B2575-F6E2-461C-BE93-EBFE1F703C83}"
EndProject
Project("{9A19103F-16F7-4668-BE54-9A1E7A4F7556}") = "ConsolTest", "ConsolTest\ConsolTest.csproj", "{23BF63AE-3A11-433A-9C20-22DE7B3A9342}"
EndProject
Project("{FAE04EC0-301F-11D3-BF4B-00C04F79EFBC}") = "Core", "Core\Core.csproj", "{62CA7BD6-220D-4469-B01A-A16FDBC73D05}"
EndProject
Global
	GlobalSection(SolutionConfigurationPlatforms) = preSolution
		Debug|Any CPU = Debug|Any CPU
		Release|Any CPU = Release|Any CPU
	EndGlobalSection
	GlobalSection(ProjectConfigurationPlatforms) = postSolution
		{07133768-ACB4-4FC2-9711-BDD489D2F589}.Debug|Any CPU.ActiveCfg = Debug|Any CPU
		{07133768-ACB4-4FC2-9711-BDD489D2F589}.Debug|Any CPU.Build.0 = Debug|Any CPU
		{07133768-ACB4-4FC2-9711-BDD489D2F589}.Release|Any CPU.ActiveCfg = Release|Any CPU
		{07133768-ACB4-4FC2-9711-BDD489D2F589}.Release|Any CPU.Build.0 = Release|Any CPU
		{480463C0-AC1C-4CF9-A8F2-E9070E37E721}.Debug|Any CPU.ActiveCfg = Debug|Any CPU
		{480463C0-AC1C-4CF9-A8F2-E9070E37E721}.Debug|Any CPU.Build.0 = Debug|Any CPU
		{480463C0-AC1C-4CF9-A8F2-E9070E37E721}.Release|Any CPU.ActiveCfg = Release|Any CPU
		{480463C0-AC1C-4CF9-A8F2-E9070E37E721}.Release|Any CPU.Build.0 = Release|Any CPU
		{189A9E9C-180A-4E08-9818-21CCD2553F57}.Debug|Any CPU.ActiveCfg = Debug|Any CPU
		{189A9E9C-180A-4E08-9818-21CCD2553F57}.Debug|Any CPU.Build.0 = Debug|Any CPU
		{189A9E9C-180A-4E08-9818-21CCD2553F57}.Release|Any CPU.ActiveCfg = Release|Any CPU
		{189A9E9C-180A-4E08-9818-21CCD2553F57}.Release|Any CPU.Build.0 = Release|Any CPU
		{C35B2575-F6E2-461C-BE93-EBFE1F703C83}.Debug|Any CPU.ActiveCfg = Debug|Any CPU
		{C35B2575-F6E2-461C-BE93-EBFE1F703C83}.Debug|Any CPU.Build.0 = Debug|Any CPU
		{C35B2575-F6E2-461C-BE93-EBFE1F703C83}.Release|Any CPU.ActiveCfg = Release|Any CPU
		{C35B2575-F6E2-461C-BE93-EBFE1F703C83}.Release|Any CPU.Build.0 = Release|Any CPU
		{23BF63AE-3A11-433A-9C20-22DE7B3A9342}.Debug|Any CPU.ActiveCfg = Debug|Any CPU
		{23BF63AE-3A11-433A-9C20-22DE7B3A9342}.Debug|Any CPU.Build.0 = Debug|Any CPU
		{23BF63AE-3A11-433A-9C20-22DE7B3A9342}.Release|Any CPU.ActiveCfg = Release|Any CPU
		{23BF63AE-3A11-433A-9C20-22DE7B3A9342}.Release|Any CPU.Build.0 = Release|Any CPU
		{62CA7BD6-220D-4469-B01A-A16FDBC73D05}.Debug|Any CPU.ActiveCfg = Debug|Any CPU
		{62CA7BD6-220D-4469-B01A-A16FDBC73D05}.Debug|Any CPU.Build.0 = Debug|Any CPU
		{62CA7BD6-220D-4469-B01A-A16FDBC73D05}.Release|Any CPU.ActiveCfg = Release|Any CPU
		{62CA7BD6-220D-4469-B01A-A16FDBC73D05}.Release|Any CPU.Build.0 = Release|Any CPU
	EndGlobalSection
	GlobalSection(SolutionProperties) = preSolution
		HideSolutionNode = FALSE
	EndGlobalSection
	GlobalSection(ExtensibilityGlobals) = postSolution
		SolutionGuid = {C42FB5F6-4892-4BB2-AD71-4B1D5041CAD7}
	EndGlobalSection
EndGlobal
